
Microsoft Visual Studio Solution File, Format Version 12.00
# Visual Studio 15
VisualStudioVersion = 15.0.26730.15
MinimumVisualStudioVersion = 10.0.40219.1
Project("{9A19103F-16F7-4668-BE54-9A1E7A4F7556}") = "aspnet-core-webapi", "aspnet-core-webapi\aspnet-core-webapi.csproj", "{7350BAFF-A63F-4800-8FE8-C7D9D10303ED}"
EndProject
Project("{9A19103F-16F7-4668-BE54-9A1E7A4F7556}") = "aspnet-core-webapp-mvc", "aspnet-core-webapp-mvc\aspnet-core-webapp-mvc.csproj", "{E1556971-215B-4B14-9D89-E6DFB98B43DD}"
EndProject
Global
	GlobalSection(SolutionConfigurationPlatforms) = preSolution
		Debug|Any CPU = Debug|Any CPU
		Release|Any CPU = Release|Any CPU
	EndGlobalSection
	GlobalSection(ProjectConfigurationPlatforms) = postSolution
		{7350BAFF-A63F-4800-8FE8-C7D9D10303ED}.Debug|Any CPU.ActiveCfg = Debug|Any CPU
		{7350BAFF-A63F-4800-8FE8-C7D9D10303ED}.Debug|Any CPU.Build.0 = Debug|Any CPU
		{7350BAFF-A63F-4800-8FE8-C7D9D10303ED}.Release|Any CPU.ActiveCfg = Release|Any CPU
		{7350BAFF-A63F-4800-8FE8-C7D9D10303ED}.Release|Any CPU.Build.0 = Release|Any CPU
		{E1556971-215B-4B14-9D89-E6DFB98B43DD}.Debug|Any CPU.ActiveCfg = Debug|Any CPU
		{E1556971-215B-4B14-9D89-E6DFB98B43DD}.Debug|Any CPU.Build.0 = Debug|Any CPU
		{E1556971-215B-4B14-9D89-E6DFB98B43DD}.Release|Any CPU.ActiveCfg = Release|Any CPU
		{E1556971-215B-4B14-9D89-E6DFB98B43DD}.Release|Any CPU.Build.0 = Release|Any CPU
	EndGlobalSection
	GlobalSection(SolutionProperties) = preSolution
		HideSolutionNode = FALSE
	EndGlobalSection
	GlobalSection(ExtensibilityGlobals) = postSolution
		SolutionGuid = {11A23A0A-206A-4827-BBE8-CE44979FDDCE}
	EndGlobalSection
EndGlobal
